
Microsoft Visual Studio Solution File, Format Version 12.00
# Visual Studio Version 16
VisualStudioVersion = 16.0.29806.167
MinimumVisualStudioVersion = 10.0.40219.1
Project("{FAE04EC0-301F-11D3-BF4B-00C04F79EFBC}") = "ContactsApp", "ContactsApp.csproj", "{3F70854F-17E9-444C-B52C-E88B729C54CB}"
EndProject
Global
	GlobalSection(SolutionConfigurationPlatforms) = preSolution
		Debug|Any CPU = Debug|Any CPU
		Release|Any CPU = Release|Any CPU
	EndGlobalSection
	GlobalSection(ProjectConfigurationPlatforms) = postSolution
		{3F70854F-17E9-444C-B52C-E88B729C54CB}.Debug|Any CPU.ActiveCfg = Debug|Any CPU
		{3F70854F-17E9-444C-B52C-E88B729C54CB}.Debug|Any CPU.Build.0 = Debug|Any CPU
		{3F70854F-17E9-444C-B52C-E88B729C54CB}.Release|Any CPU.ActiveCfg = Release|Any CPU
		{3F70854F-17E9-444C-B52C-E88B729C54CB}.Release|Any CPU.Build.0 = Release|Any CPU
	EndGlobalSection
	GlobalSection(SolutionProperties) = preSolution
		HideSolutionNode = FALSE
	EndGlobalSection
	GlobalSection(ExtensibilityGlobals) = postSolution
		SolutionGuid = {3FF8CF98-3E51-4E50-8612-073575BCD0BE}
	EndGlobalSection
EndGlobal
